
Microsoft Visual Studio Solution File, Format Version 12.00
# Visual Studio Version 16
VisualStudioVersion = 16.0.29613.14
MinimumVisualStudioVersion = 10.0.40219.1
Project("{FAE04EC0-301F-11D3-BF4B-00C04F79EFBC}") = "ShazamExample1", "ShazamExample1\ShazamExample1.csproj", "{52371024-B210-45F5-BDD5-BBB08008AB6B}"
EndProject
Global
	GlobalSection(SolutionConfigurationPlatforms) = preSolution
		Debug|Any CPU = Debug|Any CPU
		Release|Any CPU = Release|Any CPU
	EndGlobalSection
	GlobalSection(ProjectConfigurationPlatforms) = postSolution
		{52371024-B210-45F5-BDD5-BBB08008AB6B}.Debug|Any CPU.ActiveCfg = Debug|Any CPU
		{52371024-B210-45F5-BDD5-BBB08008AB6B}.Debug|Any CPU.Build.0 = Debug|Any CPU
		{52371024-B210-45F5-BDD5-BBB08008AB6B}.Release|Any CPU.ActiveCfg = Release|Any CPU
		{52371024-B210-45F5-BDD5-BBB08008AB6B}.Release|Any CPU.Build.0 = Release|Any CPU
	EndGlobalSection
	GlobalSection(SolutionProperties) = preSolution
		HideSolutionNode = FALSE
	EndGlobalSection
	GlobalSection(ExtensibilityGlobals) = postSolution
		SolutionGuid = {0C72B885-ADE1-4D53-9AF7-CA6F909CA8A9}
	EndGlobalSection
EndGlobal
